
Microsoft Visual Studio Solution File, Format Version 12.00
# Visual Studio Version 17
VisualStudioVersion = 17.11.35327.3
MinimumVisualStudioVersion = 10.0.40219.1
Project("{9A19103F-16F7-4668-BE54-9A1E7A4F7556}") = "ExcelFileInspector", "ExcelFileInspector\ExcelFileInspector.csproj", "{8E0A77C4-B916-4177-9C2C-636D8FCF9D0A}"
EndProject
Global
	GlobalSection(SolutionConfigurationPlatforms) = preSolution
		Debug|Any CPU = Debug|Any CPU
		Release|Any CPU = Release|Any CPU
	EndGlobalSection
	GlobalSection(ProjectConfigurationPlatforms) = postSolution
		{8E0A77C4-B916-4177-9C2C-636D8FCF9D0A}.Debug|Any CPU.ActiveCfg = Debug|Any CPU
		{8E0A77C4-B916-4177-9C2C-636D8FCF9D0A}.Debug|Any CPU.Build.0 = Debug|Any CPU
		{8E0A77C4-B916-4177-9C2C-636D8FCF9D0A}.Release|Any CPU.ActiveCfg = Release|Any CPU
		{8E0A77C4-B916-4177-9C2C-636D8FCF9D0A}.Release|Any CPU.Build.0 = Release|Any CPU
	EndGlobalSection
	GlobalSection(SolutionProperties) = preSolution
		HideSolutionNode = FALSE
	EndGlobalSection
	GlobalSection(ExtensibilityGlobals) = postSolution
		SolutionGuid = {7B714FDB-7C4E-4372-83E0-3AAA42190DB5}
		RESX_NeutralResourcesLanguage = ja-JP
	EndGlobalSection
EndGlobal
